
Microsoft Visual Studio Solution File, Format Version 12.00
# Visual Studio Version 16
VisualStudioVersion = 16.0.29926.136
MinimumVisualStudioVersion = 10.0.40219.1
Project("{FAE04EC0-301F-11D3-BF4B-00C04F79EFBC}") = "DogWalking.API", "DogWalking.API\DogWalking.API.csproj", "{CC813550-79E3-4281-8E22-5A3C6C0CD9D2}"
EndProject
Global
	GlobalSection(SolutionConfigurationPlatforms) = preSolution
		Debug|Any CPU = Debug|Any CPU
		Release|Any CPU = Release|Any CPU
	EndGlobalSection
	GlobalSection(ProjectConfigurationPlatforms) = postSolution
		{CC813550-79E3-4281-8E22-5A3C6C0CD9D2}.Debug|Any CPU.ActiveCfg = Debug|Any CPU
		{CC813550-79E3-4281-8E22-5A3C6C0CD9D2}.Debug|Any CPU.Build.0 = Debug|Any CPU
		{CC813550-79E3-4281-8E22-5A3C6C0CD9D2}.Release|Any CPU.ActiveCfg = Release|Any CPU
		{CC813550-79E3-4281-8E22-5A3C6C0CD9D2}.Release|Any CPU.Build.0 = Release|Any CPU
	EndGlobalSection
	GlobalSection(SolutionProperties) = preSolution
		HideSolutionNode = FALSE
	EndGlobalSection
	GlobalSection(ExtensibilityGlobals) = postSolution
		SolutionGuid = {085FD4E8-F8BA-4B6F-9FC8-67957099433D}
	EndGlobalSection
EndGlobal
